
Microsoft Visual Studio Solution File, Format Version 12.00
# Visual Studio Version 17
VisualStudioVersion = 17.3.32929.385
MinimumVisualStudioVersion = 10.0.40219.1
Project("{FAE04EC0-301F-11D3-BF4B-00C04F79EFBC}") = "Strings and more Collections", "Strings and more Collections\Strings and more Collections.csproj", "{890ACE21-18FC-49DB-BE2B-909B3EA7F387}"
EndProject
Global
	GlobalSection(SolutionConfigurationPlatforms) = preSolution
		Debug|Any CPU = Debug|Any CPU
		Release|Any CPU = Release|Any CPU
	EndGlobalSection
	GlobalSection(ProjectConfigurationPlatforms) = postSolution
		{890ACE21-18FC-49DB-BE2B-909B3EA7F387}.Debug|Any CPU.ActiveCfg = Debug|Any CPU
		{890ACE21-18FC-49DB-BE2B-909B3EA7F387}.Debug|Any CPU.Build.0 = Debug|Any CPU
		{890ACE21-18FC-49DB-BE2B-909B3EA7F387}.Release|Any CPU.ActiveCfg = Release|Any CPU
		{890ACE21-18FC-49DB-BE2B-909B3EA7F387}.Release|Any CPU.Build.0 = Release|Any CPU
	EndGlobalSection
	GlobalSection(SolutionProperties) = preSolution
		HideSolutionNode = FALSE
	EndGlobalSection
	GlobalSection(ExtensibilityGlobals) = postSolution
		SolutionGuid = {F3593021-2F6D-4CB7-9542-CC6FF461F508}
	EndGlobalSection
EndGlobal
